// !$*UTF8*$!
{
	archiveVersion = 1;
	classes = {
	};
	objectVersion = 48;
	objects = {

/* Begin PBXBuildFile section */
		B419A4181F2B2C3A00FECC47 /* SBSWindowAdditions.h in Sources */ = {isa = PBXBuildFile; fileRef = B4D504941F292493001B8C1D /* SBSWindowAdditions.h */; };
		B419A4191F2B2C3A00FECC47 /* SBSWindowAdditions.mm in Sources */ = {isa = PBXBuildFile; fileRef = B4D504951F292493001B8C1D /* SBSWindowAdditions.mm */; };
		B4502AA62116FB8900C6D503 /* Particle.swift in Sources */ = {isa = PBXBuildFile; fileRef = B4502AA52116FB8900C6D503 /* Particle.swift */; };
		B4502AA82117018B00C6D503 /* Spring.swift in Sources */ = {isa = PBXBuildFile; fileRef = B4502AA72117018B00C6D503 /* Spring.swift */; };
		B47DE14E1F23FB4300DE9C65 /* AppDelegate.swift in Sources */ = {isa = PBXBuildFile; fileRef = B47DE14D1F23FB4300DE9C65 /* AppDelegate.swift */; };
		B47DE1501F23FB4300DE9C65 /* GameScene.sks in Resources */ = {isa = PBXBuildFile; fileRef = B47DE14F1F23FB4300DE9C65 /* GameScene.sks */; };
		B47DE1541F23FB4300DE9C65 /* GameScene.swift in Sources */ = {isa = PBXBuildFile; fileRef = B47DE1531F23FB4300DE9C65 /* GameScene.swift */; };
		B47DE1561F23FB4300DE9C65 /* ViewController.swift in Sources */ = {isa = PBXBuildFile; fileRef = B47DE1551F23FB4300DE9C65 /* ViewController.swift */; };
		B47DE1581F23FB4300DE9C65 /* Assets.xcassets in Resources */ = {isa = PBXBuildFile; fileRef = B47DE1571F23FB4300DE9C65 /* Assets.xcassets */; };
		B47DE15B1F23FB4300DE9C65 /* Main.storyboard in Resources */ = {isa = PBXBuildFile; fileRef = B47DE1591F23FB4300DE9C65 /* Main.storyboard */; };
		B47DE1671F23FB4300DE9C65 /* JelloTests.swift in Sources */ = {isa = PBXBuildFile; fileRef = B47DE1661F23FB4300DE9C65 /* JelloTests.swift */; };
		B47DE1721F23FB8D00DE9C65 /* Warp.swift in Sources */ = {isa = PBXBuildFile; fileRef = B47DE1711F23FB8D00DE9C65 /* Warp.swift */; };
		B49962D72117404300B110BD /* CGVector+Math.swift in Sources */ = {isa = PBXBuildFile; fileRef = B49962D62117404300B110BD /* CGVector+Math.swift */; };
		B49962D92117405400B110BD /* CGPoint+Math.swift in Sources */ = {isa = PBXBuildFile; fileRef = B49962D82117405400B110BD /* CGPoint+Math.swift */; };
		B49962DB2117407600B110BD /* TimeInterval+Additions.swift in Sources */ = {isa = PBXBuildFile; fileRef = B49962DA2117407600B110BD /* TimeInterval+Additions.swift */; };
/* End PBXBuildFile section */

/* Begin PBXContainerItemProxy section */
		B47DE1631F23FB4300DE9C65 /* PBXContainerItemProxy */ = {
			isa = PBXContainerItemProxy;
			containerPortal = B47DE1421F23FB4300DE9C65 /* Project object */;
			proxyType = 1;
			remoteGlobalIDString = B47DE1491F23FB4300DE9C65;
			remoteInfo = Jello;
		};
/* End PBXContainerItemProxy section */

/* Begin PBXFileReference section */
		B4502AA52116FB8900C6D503 /* Particle.swift */ = {isa = PBXFileReference; lastKnownFileType = sourcecode.swift; path = Particle.swift; sourceTree = "<group>"; };
		B4502AA72117018B00C6D503 /* Spring.swift */ = {isa = PBXFileReference; lastKnownFileType = sourcecode.swift; path = Spring.swift; sourceTree = "<group>"; };
		B47DE14A1F23FB4300DE9C65 /* Jello.app */ = {isa = PBXFileReference; explicitFileType = wrapper.application; includeInIndex = 0; path = Jello.app; sourceTree = BUILT_PRODUCTS_DIR; };
		B47DE14D1F23FB4300DE9C65 /* AppDelegate.swift */ = {isa = PBXFileReference; lastKnownFileType = sourcecode.swift; path = AppDelegate.swift; sourceTree = "<group>"; };
		B47DE14F1F23FB4300DE9C65 /* GameScene.sks */ = {isa = PBXFileReference; lastKnownFileType = file.sks; path = GameScene.sks; sourceTree = "<group>"; };
		B47DE1531F23FB4300DE9C65 /* GameScene.swift */ = {isa = PBXFileReference; lastKnownFileType = sourcecode.swift; path = GameScene.swift; sourceTree = "<group>"; };
		B47DE1551F23FB4300DE9C65 /* ViewController.swift */ = {isa = PBXFileReference; lastKnownFileType = sourcecode.swift; path = ViewController.swift; sourceTree = "<group>"; };
		B47DE1571F23FB4300DE9C65 /* Assets.xcassets */ = {isa = PBXFileReference; lastKnownFileType = folder.assetcatalog; path = Assets.xcassets; sourceTree = "<group>"; };
		B47DE15A1F23FB4300DE9C65 /* Base */ = {isa = PBXFileReference; lastKnownFileType = file.storyboard; name = Base; path = Base.lproj/Main.storyboard; sourceTree = "<group>"; };
		B47DE15C1F23FB4300DE9C65 /* Info.plist */ = {isa = PBXFileReference; lastKnownFileType = text.plist.xml; path = Info.plist; sourceTree = "<group>"; };
		B47DE15D1F23FB4300DE9C65 /* Jello.entitlements */ = {isa = PBXFileReference; lastKnownFileType = text.plist.entitlements; path = Jello.entitlements; sourceTree = "<group>"; };
		B47DE1621F23FB4300DE9C65 /* JelloTests.xctest */ = {isa = PBXFileReference; explicitFileType = wrapper.cfbundle; includeInIndex = 0; path = JelloTests.xctest; sourceTree = BUILT_PRODUCTS_DIR; };
		B47DE1661F23FB4300DE9C65 /* JelloTests.swift */ = {isa = PBXFileReference; lastKnownFileType = sourcecode.swift; path = JelloTests.swift; sourceTree = "<group>"; };
		B47DE1681F23FB4300DE9C65 /* Info.plist */ = {isa = PBXFileReference; lastKnownFileType = text.plist.xml; path = Info.plist; sourceTree = "<group>"; };
		B47DE1711F23FB8D00DE9C65 /* Warp.swift */ = {isa = PBXFileReference; lastKnownFileType = sourcecode.swift; path = Warp.swift; sourceTree = "<group>"; };
		B49962D62117404300B110BD /* CGVector+Math.swift */ = {isa = PBXFileReference; lastKnownFileType = sourcecode.swift; path = "CGVector+Math.swift"; sourceTree = "<group>"; };
		B49962D82117405400B110BD /* CGPoint+Math.swift */ = {isa = PBXFileReference; lastKnownFileType = sourcecode.swift; path = "CGPoint+Math.swift"; sourceTree = "<group>"; };
		B49962DA2117407600B110BD /* TimeInterval+Additions.swift */ = {isa = PBXFileReference; lastKnownFileType = sourcecode.swift; path = "TimeInterval+Additions.swift"; sourceTree = "<group>"; };
		B4D504941F292493001B8C1D /* SBSWindowAdditions.h */ = {isa = PBXFileReference; lastKnownFileType = sourcecode.c.h; path = SBSWindowAdditions.h; sourceTree = "<group>"; };
		B4D504951F292493001B8C1D /* SBSWindowAdditions.mm */ = {isa = PBXFileReference; lastKnownFileType = sourcecode.cpp.objcpp; path = SBSWindowAdditions.mm; sourceTree = "<group>"; };
		B4EFF92B1F27C941003648C9 /* Jello-Bridging-Header.h */ = {isa = PBXFileReference; lastKnownFileType = sourcecode.c.h; path = "Jello-Bridging-Header.h"; sourceTree = "<group>"; };
/* End PBXFileReference section */

/* Begin PBXFrameworksBuildPhase section */
		B47DE1471F23FB4300DE9C65 /* Frameworks */ = {
			isa = PBXFrameworksBuildPhase;
			buildActionMask = 2147483647;
			files = (
			);
			runOnlyForDeploymentPostprocessing = 0;
		};
		B47DE15F1F23FB4300DE9C65 /* Frameworks */ = {
			isa = PBXFrameworksBuildPhase;
			buildActionMask = 2147483647;
			files = (
			);
			runOnlyForDeploymentPostprocessing = 0;
		};
/* End PBXFrameworksBuildPhase section */

/* Begin PBXGroup section */
		B47DE1411F23FB4300DE9C65 = {
			isa = PBXGroup;
			children = (
				B47DE14C1F23FB4300DE9C65 /* Jello */,
				B47DE1651F23FB4300DE9C65 /* JelloTests */,
				B47DE14B1F23FB4300DE9C65 /* Products */,
			);
			sourceTree = "<group>";
		};
		B47DE14B1F23FB4300DE9C65 /* Products */ = {
			isa = PBXGroup;
			children = (
				B47DE14A1F23FB4300DE9C65 /* Jello.app */,
				B47DE1621F23FB4300DE9C65 /* JelloTests.xctest */,
			);
			name = Products;
			sourceTree = "<group>";
		};
		B47DE14C1F23FB4300DE9C65 /* Jello */ = {
			isa = PBXGroup;
			children = (
				B49962D52117402700B110BD /* Extensions */,
				B47DE14D1F23FB4300DE9C65 /* AppDelegate.swift */,
				B47DE14F1F23FB4300DE9C65 /* GameScene.sks */,
				B47DE1531F23FB4300DE9C65 /* GameScene.swift */,
				B47DE1551F23FB4300DE9C65 /* ViewController.swift */,
				B47DE1571F23FB4300DE9C65 /* Assets.xcassets */,
				B47DE1591F23FB4300DE9C65 /* Main.storyboard */,
				B47DE15C1F23FB4300DE9C65 /* Info.plist */,
				B47DE15D1F23FB4300DE9C65 /* Jello.entitlements */,
				B4D504941F292493001B8C1D /* SBSWindowAdditions.h */,
				B4D504951F292493001B8C1D /* SBSWindowAdditions.mm */,
				B4EFF92B1F27C941003648C9 /* Jello-Bridging-Header.h */,
				B47DE1711F23FB8D00DE9C65 /* Warp.swift */,
				B4502AA52116FB8900C6D503 /* Particle.swift */,
				B4502AA72117018B00C6D503 /* Spring.swift */,
			);
			path = Jello;
			sourceTree = "<group>";
		};
		B47DE1651F23FB4300DE9C65 /* JelloTests */ = {
			isa = PBXGroup;
			children = (
				B47DE1661F23FB4300DE9C65 /* JelloTests.swift */,
				B47DE1681F23FB4300DE9C65 /* Info.plist */,
			);
			path = JelloTests;
			sourceTree = "<group>";
		};
		B49962D52117402700B110BD /* Extensions */ = {
			isa = PBXGroup;
			children = (
				B49962D62117404300B110BD /* CGVector+Math.swift */,
				B49962D82117405400B110BD /* CGPoint+Math.swift */,
				B49962DA2117407600B110BD /* TimeInterval+Additions.swift */,
			);
			path = Extensions;
			sourceTree = "<group>";
		};
/* End PBXGroup section */

/* Begin PBXNativeTarget section */
		B47DE1491F23FB4300DE9C65 /* Jello */ = {
			isa = PBXNativeTarget;
			buildConfigurationList = B47DE16B1F23FB4300DE9C65 /* Build configuration list for PBXNativeTarget "Jello" */;
			buildPhases = (
				B47DE1461F23FB4300DE9C65 /* Sources */,
				B47DE1471F23FB4300DE9C65 /* Frameworks */,
				B47DE1481F23FB4300DE9C65 /* Resources */,
			);
			buildRules = (
			);
			dependencies = (
			);
			name = Jello;
			productName = Jello;
			productReference = B47DE14A1F23FB4300DE9C65 /* Jello.app */;
			productType = "com.apple.product-type.application";
		};
		B47DE1611F23FB4300DE9C65 /* JelloTests */ = {
			isa = PBXNativeTarget;
			buildConfigurationList = B47DE16E1F23FB4300DE9C65 /* Build configuration list for PBXNativeTarget "JelloTests" */;
			buildPhases = (
				B47DE15E1F23FB4300DE9C65 /* Sources */,
				B47DE15F1F23FB4300DE9C65 /* Frameworks */,
				B47DE1601F23FB4300DE9C65 /* Resources */,
			);
			buildRules = (
			);
			dependencies = (
				B47DE1641F23FB4300DE9C65 /* PBXTargetDependency */,
			);
			name = JelloTests;
			productName = JelloTests;
			productReference = B47DE1621F23FB4300DE9C65 /* JelloTests.xctest */;
			productType = "com.apple.product-type.bundle.unit-test";
		};
/* End PBXNativeTarget section */

/* Begin PBXProject section */
		B47DE1421F23FB4300DE9C65 /* Project object */ = {
			isa = PBXProject;
			attributes = {
				LastSwiftUpdateCheck = 0900;
				LastUpgradeCheck = 0900;
				ORGANIZATIONNAME = collaris;
				TargetAttributes = {
					B47DE1491F23FB4300DE9C65 = {
						CreatedOnToolsVersion = 9.0;
						LastSwiftMigration = 0900;
					};
					B47DE1611F23FB4300DE9C65 = {
						CreatedOnToolsVersion = 9.0;
						TestTargetID = B47DE1491F23FB4300DE9C65;
					};
				};
			};
			buildConfigurationList = B47DE1451F23FB4300DE9C65 /* Build configuration list for PBXProject "Jello" */;
			compatibilityVersion = "Xcode 8.0";
			developmentRegion = en;
			hasScannedForEncodings = 0;
			knownRegions = (
				en,
				Base,
			);
			mainGroup = B47DE1411F23FB4300DE9C65;
			productRefGroup = B47DE14B1F23FB4300DE9C65 /* Products */;
			projectDirPath = "";
			projectRoot = "";
			targets = (
				B47DE1491F23FB4300DE9C65 /* Jello */,
				B47DE1611F23FB4300DE9C65 /* JelloTests */,
			);
		};
/* End PBXProject section */

/* Begin PBXResourcesBuildPhase section */
		B47DE1481F23FB4300DE9C65 /* Resources */ = {
			isa = PBXResourcesBuildPhase;
			buildActionMask = 2147483647;
			files = (
				B47DE1501F23FB4300DE9C65 /* GameScene.sks in Resources */,
				B47DE1581F23FB4300DE9C65 /* Assets.xcassets in Resources */,
				B47DE15B1F23FB4300DE9C65 /* Main.storyboard in Resources */,
			);
			runOnlyForDeploymentPostprocessing = 0;
		};
		B47DE1601F23FB4300DE9C65 /* Resources */ = {
			isa = PBXResourcesBuildPhase;
			buildActionMask = 2147483647;
			files = (
			);
			runOnlyForDeploymentPostprocessing = 0;
		};
/* End PBXResourcesBuildPhase section */

/* Begin PBXSourcesBuildPhase section */
		B47DE1461F23FB4300DE9C65 /* Sources */ = {
			isa = PBXSourcesBuildPhase;
			buildActionMask = 2147483647;
			files = (
				B47DE1561F23FB4300DE9C65 /* ViewController.swift in Sources */,
				B47DE1541F23FB4300DE9C65 /* GameScene.swift in Sources */,
				B49962D92117405400B110BD /* CGPoint+Math.swift in Sources */,
				B4502AA82117018B00C6D503 /* Spring.swift in Sources */,
				B47DE14E1F23FB4300DE9C65 /* AppDelegate.swift in Sources */,
				B4502AA62116FB8900C6D503 /* Particle.swift in Sources */,
				B47DE1721F23FB8D00DE9C65 /* Warp.swift in Sources */,
				B49962D72117404300B110BD /* CGVector+Math.swift in Sources */,
				B419A4181F2B2C3A00FECC47 /* SBSWindowAdditions.h in Sources */,
				B419A4191F2B2C3A00FECC47 /* SBSWindowAdditions.mm in Sources */,
				B49962DB2117407600B110BD /* TimeInterval+Additions.swift in Sources */,
			);
			runOnlyForDeploymentPostprocessing = 0;
		};
		B47DE15E1F23FB4300DE9C65 /* Sources */ = {
			isa = PBXSourcesBuildPhase;
			buildActionMask = 2147483647;
			files = (
				B47DE1671F23FB4300DE9C65 /* JelloTests.swift in Sources */,
			);
			runOnlyForDeploymentPostprocessing = 0;
		};
/* End PBXSourcesBuildPhase section */

/* Begin PBXTargetDependency section */
		B47DE1641F23FB4300DE9C65 /* PBXTargetDependency */ = {
			isa = PBXTargetDependency;
			target = B47DE1491F23FB4300DE9C65 /* Jello */;
			targetProxy = B47DE1631F23FB4300DE9C65 /* PBXContainerItemProxy */;
		};
/* End PBXTargetDependency section */

/* Begin PBXVariantGroup section */
		B47DE1591F23FB4300DE9C65 /* Main.storyboard */ = {
			isa = PBXVariantGroup;
			children = (
				B47DE15A1F23FB4300DE9C65 /* Base */,
			);
			name = Main.storyboard;
			sourceTree = "<group>";
		};
/* End PBXVariantGroup section */

/* Begin XCBuildConfiguration section */
		B47DE1691F23FB4300DE9C65 /* Debug */ = {
			isa = XCBuildConfiguration;
			buildSettings = {
				ALWAYS_SEARCH_USER_PATHS = NO;
				CLANG_ANALYZER_NONNULL = YES;
				CLANG_ANALYZER_NUMBER_OBJECT_CONVERSION = YES_AGGRESSIVE;
				CLANG_CXX_LANGUAGE_STANDARD = "gnu++14";
				CLANG_CXX_LIBRARY = "libc++";
				CLANG_ENABLE_MODULES = YES;
				CLANG_ENABLE_OBJC_ARC = YES;
				CLANG_WARN_BLOCK_CAPTURE_AUTORELEASING = YES;
				CLANG_WARN_BOOL_CONVERSION = YES;
				CLANG_WARN_COMMA = YES;
				CLANG_WARN_CONSTANT_CONVERSION = YES;
				CLANG_WARN_DIRECT_OBJC_ISA_USAGE = YES_ERROR;
				CLANG_WARN_DOCUMENTATION_COMMENTS = YES;
				CLANG_WARN_EMPTY_BODY = YES;
				CLANG_WARN_ENUM_CONVERSION = YES;
				CLANG_WARN_INFINITE_RECURSION = YES;
				CLANG_WARN_INT_CONVERSION = YES;
				CLANG_WARN_NON_LITERAL_NULL_CONVERSION = YES;
				CLANG_WARN_OBJC_LITERAL_CONVERSION = YES;
				CLANG_WARN_OBJC_ROOT_CLASS = YES_ERROR;
				CLANG_WARN_RANGE_LOOP_ANALYSIS = YES;
				CLANG_WARN_STRICT_PROTOTYPES = YES;
				CLANG_WARN_SUSPICIOUS_MOVE = YES;
				CLANG_WARN_UNGUARDED_AVAILABILITY = YES_AGGRESSIVE;
				CLANG_WARN_UNREACHABLE_CODE = YES;
				CLANG_WARN__DUPLICATE_METHOD_MATCH = YES;
				CODE_SIGN_IDENTITY = "Mac Developer";
				COPY_PHASE_STRIP = NO;
				DEBUG_INFORMATION_FORMAT = dwarf;
				ENABLE_STRICT_OBJC_MSGSEND = YES;
				ENABLE_TESTABILITY = YES;
				GCC_C_LANGUAGE_STANDARD = gnu11;
				GCC_DYNAMIC_NO_PIC = NO;
				GCC_NO_COMMON_BLOCKS = YES;
				GCC_OPTIMIZATION_LEVEL = 0;
				GCC_PREPROCESSOR_DEFINITIONS = (
					"DEBUG=1",
					"$(inherited)",
				);
				GCC_WARN_64_TO_32_BIT_CONVERSION = YES;
				GCC_WARN_ABOUT_RETURN_TYPE = YES_ERROR;
				GCC_WARN_UNDECLARED_SELECTOR = YES;
				GCC_WARN_UNINITIALIZED_AUTOS = YES_AGGRESSIVE;
				GCC_WARN_UNUSED_FUNCTION = YES;
				GCC_WARN_UNUSED_VARIABLE = YES;
				MACOSX_DEPLOYMENT_TARGET = 10.12;
				MTL_ENABLE_DEBUG_INFO = YES;
				ONLY_ACTIVE_ARCH = YES;
				SDKROOT = macosx;
				SWIFT_ACTIVE_COMPILATION_CONDITIONS = DEBUG;
				SWIFT_OPTIMIZATION_LEVEL = "-Onone";
			};
			name = Debug;
		};
		B47DE16A1F23FB4300DE9C65 /* Release */ = {
			isa = XCBuildConfiguration;
			buildSettings = {
				ALWAYS_SEARCH_USER_PATHS = NO;
				CLANG_ANALYZER_NONNULL = YES;
				CLANG_ANALYZER_NUMBER_OBJECT_CONVERSION = YES_AGGRESSIVE;
				CLANG_CXX_LANGUAGE_STANDARD = "gnu++14";
				CLANG_CXX_LIBRARY = "libc++";
				CLANG_ENABLE_MODULES = YES;
				CLANG_ENABLE_OBJC_ARC = YES;
				CLANG_WARN_BLOCK_CAPTURE_AUTORELEASING = YES;
				CLANG_WARN_BOOL_CONVERSION = YES;
				CLANG_WARN_COMMA = YES;
				CLANG_WARN_CONSTANT_CONVERSION = YES;
				CLANG_WARN_DIRECT_OBJC_ISA_USAGE = YES_ERROR;
				CLANG_WARN_DOCUMENTATION_COMMENTS = YES;
				CLANG_WARN_EMPTY_BODY = YES;
				CLANG_WARN_ENUM_CONVERSION = YES;
				CLANG_WARN_INFINITE_RECURSION = YES;
				CLANG_WARN_INT_CONVERSION = YES;
				CLANG_WARN_NON_LITERAL_NULL_CONVERSION = YES;
				CLANG_WARN_OBJC_LITERAL_CONVERSION = YES;
				CLANG_WARN_OBJC_ROOT_CLASS = YES_ERROR;
				CLANG_WARN_RANGE_LOOP_ANALYSIS = YES;
				CLANG_WARN_STRICT_PROTOTYPES = YES;
				CLANG_WARN_SUSPICIOUS_MOVE = YES;
				CLANG_WARN_UNGUARDED_AVAILABILITY = YES_AGGRESSIVE;
				CLANG_WARN_UNREACHABLE_CODE = YES;
				CLANG_WARN__DUPLICATE_METHOD_MATCH = YES;
				CODE_SIGN_IDENTITY = "Mac Developer";
				COPY_PHASE_STRIP = NO;
				DEBUG_INFORMATION_FORMAT = "dwarf-with-dsym";
				ENABLE_NS_ASSERTIONS = NO;
				ENABLE_STRICT_OBJC_MSGSEND = YES;
				GCC_C_LANGUAGE_STANDARD = gnu11;
				GCC_NO_COMMON_BLOCKS = YES;
				GCC_WARN_64_TO_32_BIT_CONVERSION = YES;
				GCC_WARN_ABOUT_RETURN_TYPE = YES_ERROR;
				GCC_WARN_UNDECLARED_SELECTOR = YES;
				GCC_WARN_UNINITIALIZED_AUTOS = YES_AGGRESSIVE;
				GCC_WARN_UNUSED_FUNCTION = YES;
				GCC_WARN_UNUSED_VARIABLE = YES;
				MACOSX_DEPLOYMENT_TARGET = 10.12;
				MTL_ENABLE_DEBUG_INFO = NO;
				SDKROOT = macosx;
				SWIFT_OPTIMIZATION_LEVEL = "-Owholemodule";
			};
			name = Release;
		};
		B47DE16C1F23FB4300DE9C65 /* Debug */ = {
			isa = XCBuildConfiguration;
			buildSettings = {
				ASSETCATALOG_COMPILER_APPICON_NAME = AppIcon;
				CLANG_ENABLE_MODULES = YES;
				CODE_SIGN_ENTITLEMENTS = Jello/Jello.entitlements;
				COMBINE_HIDPI_IMAGES = YES;
				DEVELOPMENT_TEAM = P2BY58D85Z;
				INFOPLIST_FILE = Jello/Info.plist;
				LD_RUNPATH_SEARCH_PATHS = "$(inherited) @executable_path/../Frameworks";
				PRODUCT_BUNDLE_IDENTIFIER = com.collaris.Jello;
				PRODUCT_NAME = "$(TARGET_NAME)";
				SWIFT_OBJC_BRIDGING_HEADER = "Jello/Jello-Bridging-Header.h";
				SWIFT_OPTIMIZATION_LEVEL = "-Onone";
				SWIFT_VERSION = 4.0;
			};
			name = Debug;
		};
		B47DE16D1F23FB4300DE9C65 /* Release */ = {
			isa = XCBuildConfiguration;
			buildSettings = {
				ASSETCATALOG_COMPILER_APPICON_NAME = AppIcon;
				CLANG_ENABLE_MODULES = YES;
				CODE_SIGN_ENTITLEMENTS = Jello/Jello.entitlements;
				COMBINE_HIDPI_IMAGES = YES;
				DEVELOPMENT_TEAM = P2BY58D85Z;
				INFOPLIST_FILE = Jello/Info.plist;
				LD_RUNPATH_SEARCH_PATHS = "$(inherited) @executable_path/../Frameworks";
				PRODUCT_BUNDLE_IDENTIFIER = com.collaris.Jello;
				PRODUCT_NAME = "$(TARGET_NAME)";
				SWIFT_OBJC_BRIDGING_HEADER = "Jello/Jello-Bridging-Header.h";
				SWIFT_VERSION = 4.0;
			};
			name = Release;
		};
		B47DE16F1F23FB4300DE9C65 /* Debug */ = {
			isa = XCBuildConfiguration;
			buildSettings = {
				ALWAYS_EMBED_SWIFT_STANDARD_LIBRARIES = YES;
				BUNDLE_LOADER = "$(TEST_HOST)";
				COMBINE_HIDPI_IMAGES = YES;
				DEVELOPMENT_TEAM = P2BY58D85Z;
				INFOPLIST_FILE = JelloTests/Info.plist;
				LD_RUNPATH_SEARCH_PATHS = "$(inherited) @executable_path/../Frameworks @loader_path/../Frameworks";
				PRODUCT_BUNDLE_IDENTIFIER = com.collaris.JelloTests;
				PRODUCT_NAME = "$(TARGET_NAME)";
				SWIFT_VERSION = 4.0;
				TEST_HOST = "$(BUILT_PRODUCTS_DIR)/Jello.app/Contents/MacOS/Jello";
			};
			name = Debug;
		};
		B47DE1701F23FB4300DE9C65 /* Release */ = {
			isa = XCBuildConfiguration;
			buildSettings = {
				ALWAYS_EMBED_SWIFT_STANDARD_LIBRARIES = YES;
				BUNDLE_LOADER = "$(TEST_HOST)";
				COMBINE_HIDPI_IMAGES = YES;
				DEVELOPMENT_TEAM = P2BY58D85Z;
				INFOPLIST_FILE = JelloTests/Info.plist;
				LD_RUNPATH_SEARCH_PATHS = "$(inherited) @executable_path/../Frameworks @loader_path/../Frameworks";
				PRODUCT_BUNDLE_IDENTIFIER = com.collaris.JelloTests;
				PRODUCT_NAME = "$(TARGET_NAME)";
				SWIFT_VERSION = 4.0;
				TEST_HOST = "$(BUILT_PRODUCTS_DIR)/Jello.app/Contents/MacOS/Jello";
			};
			name = Release;
		};
/* End XCBuildConfiguration section */

/* Begin XCConfigurationList section */
		B47DE1451F23FB4300DE9C65 /* Build configuration list for PBXProject "Jello" */ = {
			isa = XCConfigurationList;
			buildConfigurations = (
				B47DE1691F23FB4300DE9C65 /* Debug */,
				B47DE16A1F23FB4300DE9C65 /* Release */,
			);
			defaultConfigurationIsVisible = 0;
			defaultConfigurationName = Release;
		};
		B47DE16B1F23FB4300DE9C65 /* Build configuration list for PBXNativeTarget "Jello" */ = {
			isa = XCConfigurationList;
			buildConfigurations = (
				B47DE16C1F23FB4300DE9C65 /* Debug */,
				B47DE16D1F23FB4300DE9C65 /* Release */,
			);
			defaultConfigurationIsVisible = 0;
			defaultConfigurationName = Release;
		};
		B47DE16E1F23FB4300DE9C65 /* Build configuration list for PBXNativeTarget "JelloTests" */ = {
			isa = XCConfigurationList;
			buildConfigurations = (
				B47DE16F1F23FB4300DE9C65 /* Debug */,
				B47DE1701F23FB4300DE9C65 /* Release */,
			);
			defaultConfigurationIsVisible = 0;
			defaultConfigurationName = Release;
		};
/* End XCConfigurationList section */
	};
	rootObject = B47DE1421F23FB4300DE9C65 /* Project object */;
}
